PODS:
  - OpenSSL-Apple (1.1.1h.10)
  - SwiftyBeaver (1.9.3)

DEPENDENCIES:
  - OpenSSL-Apple (~> 1.1.1h.10)
  - SwiftyBeaver

SPEC REPOS:
  https://github.com/cocoapods/specs.git:
    - OpenSSL-Apple
    - SwiftyBeaver

SPEC CHECKSUMS:
  OpenSSL-Apple: 8a8fcb06fb66f9c2f7aed45ce363668493b8e5f6
  SwiftyBeaver: 2e8acd6fc90c6d0a27055867a290794926d57c02

PODFILE CHECKSUM: 3be01de221483b2dd290bdb02ec2c4bce662c5bf

COCOAPODS: 1.10.0
