PODS:
  - OpenSSL-Apple (1.1.0i.2)
  - SwiftyBeaver (1.7.0)

DEPENDENCIES:
  - OpenSSL-Apple (~> 1.1.0i.2)
  - SwiftyBeaver

SPEC REPOS:
  https://github.com/cocoapods/specs.git:
    - OpenSSL-Apple
    - SwiftyBeaver

SPEC CHECKSUMS:
  OpenSSL-Apple: 37a8c0b04df4bb8971deef4671cc29222861319c
  SwiftyBeaver: 4cc0080d2e23f980652e28978db11a5c9da39165

PODFILE CHECKSUM: b66d2624e26ea150d992a8457747267128054176

COCOAPODS: 1.6.1
