PODS:
  - OpenSSL-Apple (1.1.1f.6)
  - SwiftyBeaver (1.9.1)

DEPENDENCIES:
  - OpenSSL-Apple (~> 1.1.1f.6)
  - SwiftyBeaver

SPEC REPOS:
  https://github.com/cocoapods/specs.git:
    - OpenSSL-Apple
    - SwiftyBeaver

SPEC CHECKSUMS:
  OpenSSL-Apple: 07d3f68add280b474278320232fb89625dd29fe9
  SwiftyBeaver: a1f5691458561414bcfab51874b2b7445451602b

PODFILE CHECKSUM: 47aa53e1f2a31185d03f8314cdb03bd3164b9422

COCOAPODS: 1.9.1
