PODS:
  - OpenSSL-Apple (1.1.0i.2)
  - SwiftyBeaver (1.7.0)
  - TunnelKit (1.6.0):
    - TunnelKit/AppExtension (= 1.6.0)
    - TunnelKit/Core (= 1.6.0)
  - TunnelKit/AppExtension (1.6.0):
    - SwiftyBeaver
    - TunnelKit/Core
  - TunnelKit/Core (1.6.0):
    - OpenSSL-Apple (~> 1.1.0i.2)
    - SwiftyBeaver

DEPENDENCIES:
  - TunnelKit (from `..`)

SPEC REPOS:
  https://github.com/cocoapods/specs.git:
    - OpenSSL-Apple
    - SwiftyBeaver

EXTERNAL SOURCES:
  TunnelKit:
    :path: ".."

SPEC CHECKSUMS:
  OpenSSL-Apple: 37a8c0b04df4bb8971deef4671cc29222861319c
  SwiftyBeaver: 4cc0080d2e23f980652e28978db11a5c9da39165
  TunnelKit: cd10ff6f4368e82414a72e6a111dae369252964e

PODFILE CHECKSUM: f66dfaaa92a8d04ab2743f3caeab0ac9f9f25859

COCOAPODS: 1.6.1
