PODS:
  - OpenSSL-Apple (1.1.1g.6)
  - SwiftyBeaver (1.9.1)
  - TunnelKit (2.3.0):
    - TunnelKit/Protocols/OpenVPN (= 2.3.0)
  - TunnelKit/AppExtension (2.3.0):
    - SwiftyBeaver
    - TunnelKit/Core
  - TunnelKit/Core (2.3.0):
    - SwiftyBeaver
  - TunnelKit/Manager (2.3.0):
    - SwiftyBeaver
  - TunnelKit/Protocols/OpenVPN (2.3.0):
    - OpenSSL-Apple (~> 1.1.1g.6)
    - TunnelKit/AppExtension
    - TunnelKit/Core

DEPENDENCIES:
  - TunnelKit (from `..`)
  - TunnelKit/Manager (from `..`)

SPEC REPOS:
  https://github.com/cocoapods/specs.git:
    - OpenSSL-Apple
    - SwiftyBeaver

EXTERNAL SOURCES:
  TunnelKit:
    :path: ".."

SPEC CHECKSUMS:
  OpenSSL-Apple: c9c1b9c5b2b1fc4e1758fc5f0836b58ae7fd8183
  SwiftyBeaver: a1f5691458561414bcfab51874b2b7445451602b
  TunnelKit: a4fa4ecc6fc2b9fa74c38609c0e8fc4441d9672e

PODFILE CHECKSUM: 67d7cb3c3db58264711361062345c3b7831e510e

COCOAPODS: 1.9.1
